<?xml version="1.0" encoding="utf-8"?>
<Project ToolsVersion="4.0" xmlns="http://schemas.microsoft.com/developer/msbuild/2003">
  <ItemGroup>
    <Filter Include="Source Files">
      <UniqueIdentifier>{4FC737F1-C7A5-4376-A066-2A32D752A2FF}</UniqueIdentifier>
      <Extensions>cpp;c;cc;cxx;def;odl;idl;hpj;bat;asm;asmx</Extensions>
    </Filter>
    <Filter Include="Header Files">
      <UniqueIdentifier>{93995380-89BD-4b04-88EB-625FBE52EBFB}</UniqueIdentifier>
      <Extensions>h;hh;hpp;hxx;hm;inl;inc;xsd</Extensions>
    </Filter>
    <Filter Include="Resource Files">
      <UniqueIdentifier>{67DA6AB6-F800-4c08-8B7A-83BB121AAD01}</UniqueIdentifier>
      <Extensions>rc;ico;cur;bmp;dlg;rc2;rct;bin;rgs;gif;jpg;jpeg;jpe;resx;tiff;tif;png;wav;mfcribbon-ms</Extensions>
    </Filter>
    <Filter Include="Header Files\Utils">
      <UniqueIdentifier>{ccb5e3ac-8e95-45cd-8df0-8098486a0b7e}</UniqueIdentifier>
    </Filter>
    <Filter Include="Source Files\Utils">
      <UniqueIdentifier>{7754475b-f10c-44ed-807a-0fdc080d2e0c}</UniqueIdentifier>
    </Filter>
  </ItemGroup>
  <ItemGroup>
    <ClCompile Include="..\smalltime_core\src\cal_math.cpp">
      <Filter>Source Files</Filter>
    </ClCompile>
    <ClCompile Include="..\smalltime_core\src\core_math.cpp">
      <Filter>Source Files</Filter>
    </ClCompile>
    <ClCompile Include="..\smalltime_core\src\iso_chronology.cpp">
      <Filter>Source Files</Filter>
    </ClCompile>
    <ClCompile Include="..\smalltime_core\src\rule_group.cpp">
      <Filter>Source Files</Filter>
    </ClCompile>
    <ClCompile Include="..\smalltime_core\src\time_math.cpp">
      <Filter>Source Files</Filter>
    </ClCompile>
    <ClCompile Include="..\smalltime_core\src\zone_group.cpp">
      <Filter>Source Files</Filter>
    </ClCompile>
    <ClCompile Include="src\main.cpp">
      <Filter>Source Files</Filter>
    </ClCompile>
    <ClCompile Include="src\tzdb_header_connector.cpp">
      <Filter>Source Files</Filter>
    </ClCompile>
    <ClCompile Include="..\smalltime_core\src\util\stl_perf_counter.cpp">
      <Filter>Source Files\Utils</Filter>
    </ClCompile>
  </ItemGroup>
  <ItemGroup>
    <ClInclude Include="..\smalltime_core\include\basic_datetime.h">
      <Filter>Header Files</Filter>
    </ClInclude>
    <ClInclude Include="..\smalltime_core\include\cal_math.h">
      <Filter>Header Files</Filter>
    </ClInclude>
    <ClInclude Include="..\smalltime_core\include\chrono_decls.h">
      <Filter>Header Files</Filter>
    </ClInclude>
    <ClInclude Include="..\smalltime_core\include\core_decls.h">
      <Filter>Header Files</Filter>
    </ClInclude>
    <ClInclude Include="..\smalltime_core\include\core_math.h">
      <Filter>Header Files</Filter>
    </ClInclude>
    <ClInclude Include="..\smalltime_core\include\float_util.h">
      <Filter>Header Files</Filter>
    </ClInclude>
    <ClInclude Include="..\smalltime_core\include\iso_chronology.h">
      <Filter>Header Files</Filter>
    </ClInclude>
    <ClInclude Include="..\smalltime_core\include\itzdbconnector.h">
      <Filter>Header Files</Filter>
    </ClInclude>
    <ClInclude Include="..\smalltime_core\include\rule_group.h">
      <Filter>Header Files</Filter>
    </ClInclude>
    <ClInclude Include="..\smalltime_core\include\smalltime_exceptions.h">
      <Filter>Header Files</Filter>
    </ClInclude>
    <ClInclude Include="..\smalltime_core\include\time_math.h">
      <Filter>Header Files</Filter>
    </ClInclude>
    <ClInclude Include="..\smalltime_core\include\tz_decls.h">
      <Filter>Header Files</Filter>
    </ClInclude>
    <ClInclude Include="..\smalltime_core\include\zone_group.h">
      <Filter>Header Files</Filter>
    </ClInclude>
    <ClInclude Include="include\local_datetime.h">
      <Filter>Header Files</Filter>
    </ClInclude>
    <ClInclude Include="include\Tzdb.h">
      <Filter>Header Files</Filter>
    </ClInclude>
    <ClInclude Include="include\tzdb_header_connector.h">
      <Filter>Header Files</Filter>
    </ClInclude>
    <ClInclude Include="..\smalltime_core\include\util\stl_perf_counter.h">
      <Filter>Header Files\Utils</Filter>
    </ClInclude>
  </ItemGroup>
</Project>