<?xml version="1.0" encoding="utf-8"?>
<Project ToolsVersion="4.0" xmlns="http://schemas.microsoft.com/developer/msbuild/2003">
  <ItemGroup>
    <Filter Include="Source Files">
      <UniqueIdentifier>{4FC737F1-C7A5-4376-A066-2A32D752A2FF}</UniqueIdentifier>
      <Extensions>cpp;c;cc;cxx;def;odl;idl;hpj;bat;asm;asmx</Extensions>
    </Filter>
    <Filter Include="Header Files">
      <UniqueIdentifier>{93995380-89BD-4b04-88EB-625FBE52EBFB}</UniqueIdentifier>
      <Extensions>h;hh;hpp;hxx;hm;inl;inc;xsd</Extensions>
    </Filter>
    <Filter Include="Resource Files">
      <UniqueIdentifier>{67DA6AB6-F800-4c08-8B7A-83BB121AAD01}</UniqueIdentifier>
      <Extensions>rc;ico;cur;bmp;dlg;rc2;rct;bin;rgs;gif;jpg;jpeg;jpe;resx;tiff;tif;png;wav;mfcribbon-ms</Extensions>
    </Filter>
    <Filter Include="Header Files\Parser">
      <UniqueIdentifier>{583c1018-50e4-42fb-b3df-61d41457d823}</UniqueIdentifier>
    </Filter>
    <Filter Include="Source Files\Parser">
      <UniqueIdentifier>{77600856-974b-4038-9229-fe584e71659b}</UniqueIdentifier>
    </Filter>
    <Filter Include="Header Files\Generator">
      <UniqueIdentifier>{8a6aa109-cbe8-4a07-9792-43ab90e3b8c4}</UniqueIdentifier>
    </Filter>
    <Filter Include="Source Files\Generator">
      <UniqueIdentifier>{629eea1b-3af4-4baa-8f2b-8d420031639e}</UniqueIdentifier>
    </Filter>
    <Filter Include="Header Files\Builder">
      <UniqueIdentifier>{c2e56b55-2180-4189-94cf-43b4a771a9c7}</UniqueIdentifier>
    </Filter>
    <Filter Include="Source Files\Builder">
      <UniqueIdentifier>{9ff6707b-1e77-4dc0-a4f2-04bba8fa867f}</UniqueIdentifier>
    </Filter>
    <Filter Include="Header Files\Math">
      <UniqueIdentifier>{ed685738-5e3f-4449-a18a-46c76bc074ec}</UniqueIdentifier>
    </Filter>
    <Filter Include="Source Files\Math">
      <UniqueIdentifier>{c6786af8-b1af-4907-ba75-913272d7166a}</UniqueIdentifier>
    </Filter>
    <Filter Include="Header Files\Chrono">
      <UniqueIdentifier>{c854dba4-5a40-4566-b089-7f1718e705cf}</UniqueIdentifier>
    </Filter>
    <Filter Include="Source Files\Chrono">
      <UniqueIdentifier>{6541839d-40ce-409b-b617-7f68cc797f98}</UniqueIdentifier>
    </Filter>
    <Filter Include="Header Files\DateTime">
      <UniqueIdentifier>{33fdbb63-723c-4ddd-a1d4-e508927956c0}</UniqueIdentifier>
    </Filter>
  </ItemGroup>
  <ItemGroup>
    <ClCompile Include="Source\main.cpp">
      <Filter>Source Files</Filter>
    </ClCompile>
    <ClCompile Include="Source\tzdb_raw_connector.cpp">
      <Filter>Source Files</Filter>
    </ClCompile>
    <ClCompile Include="..\SmalltimeShared\Source\rule_group.cpp">
      <Filter>Source Files</Filter>
    </ClCompile>
    <ClCompile Include="..\SmalltimeShared\Source\iso_chronology.cpp">
      <Filter>Source Files\Chrono</Filter>
    </ClCompile>
    <ClCompile Include="..\SmalltimeShared\Source\cal_math.cpp">
      <Filter>Source Files\Math</Filter>
    </ClCompile>
    <ClCompile Include="..\SmalltimeShared\Source\time_math.cpp">
      <Filter>Source Files\Math</Filter>
    </ClCompile>
    <ClCompile Include="..\SmalltimeShared\Source\core_math.cpp">
      <Filter>Source Files\Math</Filter>
    </ClCompile>
    <ClCompile Include="Source\Builder\src_builder.cpp">
      <Filter>Source Files\Builder</Filter>
    </ClCompile>
    <ClCompile Include="Source\Parser\parser.cpp">
      <Filter>Source Files\Parser</Filter>
    </ClCompile>
    <ClCompile Include="Source\Generator\generator.cpp">
      <Filter>Source Files\Generator</Filter>
    </ClCompile>
  </ItemGroup>
  <ItemGroup>
    <ClInclude Include="..\SmalltimeShared\Include\TzDecls.h">
      <Filter>Header Files</Filter>
    </ClInclude>
    <ClInclude Include="Source\tzdb_raw_connector.h">
      <Filter>Header Files</Filter>
    </ClInclude>
    <ClInclude Include="..\SmalltimeShared\Include\itzdbconnector.h">
      <Filter>Header Files</Filter>
    </ClInclude>
    <ClInclude Include="..\SmalltimeShared\Include\rule_group.h">
      <Filter>Header Files</Filter>
    </ClInclude>
    <ClInclude Include="..\SmalltimeShared\Include\chrono_decls.h">
      <Filter>Header Files\Chrono</Filter>
    </ClInclude>
    <ClInclude Include="..\SmalltimeShared\Include\iso_chronology.h">
      <Filter>Header Files\Chrono</Filter>
    </ClInclude>
    <ClInclude Include="..\SmalltimeShared\Include\basic_datetime.h">
      <Filter>Header Files\DateTime</Filter>
    </ClInclude>
    <ClInclude Include="..\SmalltimeShared\Include\cal_math.h">
      <Filter>Header Files\Math</Filter>
    </ClInclude>
    <ClInclude Include="..\SmalltimeShared\Include\time_math.h">
      <Filter>Header Files\Math</Filter>
    </ClInclude>
    <ClInclude Include="..\SmalltimeShared\Include\core_math.h">
      <Filter>Header Files\Math</Filter>
    </ClInclude>
    <ClInclude Include="..\SmalltimeShared\Include\core_decls.h">
      <Filter>Header Files</Filter>
    </ClInclude>
    <ClInclude Include="Source\comp_decls.h">
      <Filter>Header Files</Filter>
    </ClInclude>
    <ClInclude Include="Source\Builder\src_builder.h">
      <Filter>Header Files\Builder</Filter>
    </ClInclude>
    <ClInclude Include="Source\Generator\generator.h">
      <Filter>Header Files\Generator</Filter>
    </ClInclude>
    <ClInclude Include="Source\Parser\parser.h">
      <Filter>Header Files\Parser</Filter>
    </ClInclude>
  </ItemGroup>
</Project>