<?xml version="1.0" encoding="utf-8"?>
<Project ToolsVersion="4.0" xmlns="http://schemas.microsoft.com/developer/msbuild/2003">
  <ItemGroup>
    <Filter Include="Source Files">
      <UniqueIdentifier>{4FC737F1-C7A5-4376-A066-2A32D752A2FF}</UniqueIdentifier>
      <Extensions>cpp;c;cc;cxx;def;odl;idl;hpj;bat;asm;asmx</Extensions>
    </Filter>
    <Filter Include="Header Files">
      <UniqueIdentifier>{93995380-89BD-4b04-88EB-625FBE52EBFB}</UniqueIdentifier>
      <Extensions>h;hh;hpp;hxx;hm;inl;inc;xsd</Extensions>
    </Filter>
    <Filter Include="Resource Files">
      <UniqueIdentifier>{67DA6AB6-F800-4c08-8B7A-83BB121AAD01}</UniqueIdentifier>
      <Extensions>rc;ico;cur;bmp;dlg;rc2;rct;bin;rgs;gif;jpg;jpeg;jpe;resx;tiff;tif;png;wav;mfcribbon-ms</Extensions>
    </Filter>
    <Filter Include="Header Files\Core">
      <UniqueIdentifier>{59cabc74-5e01-4e71-a520-82ea26092533}</UniqueIdentifier>
    </Filter>
    <Filter Include="Source Files\Core">
      <UniqueIdentifier>{bc35a9f7-b38a-4144-b940-ba88599adbba}</UniqueIdentifier>
    </Filter>
    <Filter Include="Source Files\Core\Chronology">
      <UniqueIdentifier>{40615d8f-2b94-4289-8817-ab31cb745065}</UniqueIdentifier>
    </Filter>
    <Filter Include="Header Files\Core\Math">
      <UniqueIdentifier>{caa1c6b8-53cd-477a-a5a0-28e639376e61}</UniqueIdentifier>
    </Filter>
    <Filter Include="Header Files\Core\Datetime">
      <UniqueIdentifier>{37117dad-1553-4fef-9450-b22c6bf448a6}</UniqueIdentifier>
    </Filter>
    <Filter Include="Header Files\Core\Chronology">
      <UniqueIdentifier>{2e71ef97-92b9-4140-a44e-cec57c3c2f9f}</UniqueIdentifier>
    </Filter>
    <Filter Include="Header Files\Core\Tz">
      <UniqueIdentifier>{6ee08b49-d310-40c1-b778-a940c091a7f3}</UniqueIdentifier>
    </Filter>
    <Filter Include="Source Files\Core\Tz">
      <UniqueIdentifier>{36c0a0fd-cf2f-400e-90da-ff1bc7ab06c7}</UniqueIdentifier>
    </Filter>
    <Filter Include="Header Files\Utils">
      <UniqueIdentifier>{ccb5e3ac-8e95-45cd-8df0-8098486a0b7e}</UniqueIdentifier>
    </Filter>
    <Filter Include="Source Files\Utils">
      <UniqueIdentifier>{7754475b-f10c-44ed-807a-0fdc080d2e0c}</UniqueIdentifier>
    </Filter>
    <Filter Include="Source Files\Core\Math">
      <UniqueIdentifier>{650e1e3c-31cb-441b-89dd-1b160e8fa290}</UniqueIdentifier>
    </Filter>
  </ItemGroup>
  <ItemGroup>
    <ClCompile Include="Source\main.cpp">
      <Filter>Source Files</Filter>
    </ClCompile>
    <ClCompile Include="Source\Utils\StlPerfCounter.cpp">
      <Filter>Source Files\Utils</Filter>
    </ClCompile>
    <ClCompile Include="..\SmalltimeShared\Source\IsoChronology.cpp">
      <Filter>Source Files\Core\Chronology</Filter>
    </ClCompile>
    <ClCompile Include="..\SmalltimeShared\Source\CalMath.cpp">
      <Filter>Source Files\Core\Math</Filter>
    </ClCompile>
    <ClCompile Include="..\SmalltimeShared\Source\MathUtils.cpp">
      <Filter>Source Files\Core\Math</Filter>
    </ClCompile>
    <ClCompile Include="..\SmalltimeShared\Source\TimeMath.cpp">
      <Filter>Source Files\Core\Math</Filter>
    </ClCompile>
    <ClCompile Include="Source\Core\Tz\tzdb_header_connector.cpp">
      <Filter>Source Files\Core\Tz</Filter>
    </ClCompile>
    <ClCompile Include="..\SmalltimeShared\Source\rule_group.cpp">
      <Filter>Source Files\Core\Tz</Filter>
    </ClCompile>
  </ItemGroup>
  <ItemGroup>
    <ClInclude Include="Source\Core\DateTime\LocalDateTime.h">
      <Filter>Header Files\Core\Datetime</Filter>
    </ClInclude>
    <ClInclude Include="Source\Utils\StlPerfCounter.h">
      <Filter>Header Files\Utils</Filter>
    </ClInclude>
    <ClInclude Include="..\SmalltimeShared\Include\CalMath.h">
      <Filter>Header Files\Core\Math</Filter>
    </ClInclude>
    <ClInclude Include="..\SmalltimeShared\Include\MathUtils.h">
      <Filter>Header Files\Core\Math</Filter>
    </ClInclude>
    <ClInclude Include="..\SmalltimeShared\Include\TimeMath.h">
      <Filter>Header Files\Core\Math</Filter>
    </ClInclude>
    <ClInclude Include="..\SmalltimeShared\Include\TzDecls.h">
      <Filter>Header Files\Core\Tz</Filter>
    </ClInclude>
    <ClInclude Include="..\SmalltimeShared\Include\CoreDecls.h">
      <Filter>Header Files\Core</Filter>
    </ClInclude>
    <ClInclude Include="..\SmalltimeShared\Include\IsoChronology.h">
      <Filter>Header Files\Core\Chronology</Filter>
    </ClInclude>
    <ClInclude Include="..\SmalltimeShared\Include\BasicDateTime.h">
      <Filter>Header Files\Core\Datetime</Filter>
    </ClInclude>
    <ClInclude Include="Source\Core\Tz\Tzdb.h">
      <Filter>Header Files\Core\Tz</Filter>
    </ClInclude>
    <ClInclude Include="..\SmalltimeShared\Include\ChronoDecls.h">
      <Filter>Header Files\Core\Chronology</Filter>
    </ClInclude>
    <ClInclude Include="..\SmalltimeShared\Include\itzdbconnector.h">
      <Filter>Header Files\Core\Tz</Filter>
    </ClInclude>
    <ClInclude Include="Source\Core\Tz\tzdb_header_connector.h">
      <Filter>Header Files\Core\Tz</Filter>
    </ClInclude>
    <ClInclude Include="..\SmalltimeShared\Include\rule_group.h">
      <Filter>Header Files\Core\Tz</Filter>
    </ClInclude>
    <ClInclude Include="..\SmalltimeShared\Include\smalltime_exceptions.h">
      <Filter>Header Files\Core</Filter>
    </ClInclude>
    <ClInclude Include="..\SmalltimeShared\Include\floatutil.h">
      <Filter>Header Files\Utils</Filter>
    </ClInclude>
  </ItemGroup>
</Project>